
Microsoft Visual Studio Solution File, Format Version 12.00
# Visual Studio 2012
Project("{FAE04EC0-301F-11D3-BF4B-00C04F79EFBC}") = "CommonHelper", "CommonHelper\CommonHelper.csproj", "{B2A2AC75-69FC-464A-B1A9-C3482D55FA36}"
EndProject
Project("{FAE04EC0-301F-11D3-BF4B-00C04F79EFBC}") = "DBHelper", "DBHelper\DBHelper.csproj", "{FAF40724-2F68-4B8B-B717-8F16C00F2AB7}"
EndProject
Project("{FAE04EC0-301F-11D3-BF4B-00C04F79EFBC}") = "ExtHelper", "ExtHelper\ExtHelper.csproj", "{812B9087-2DCA-426F-8237-BB55CA94359D}"
EndProject
Project("{2150E333-8FDC-42A3-9474-1A3956D46DE8}") = "Module", "Module", "{67AB8EDB-B1D4-45F2-B70C-8B442A11CE0B}"
EndProject
Project("{2150E333-8FDC-42A3-9474-1A3956D46DE8}") = "Base", "Base", "{545A00A9-0B61-4B62-94DC-DAEBB6A837F2}"
EndProject
Project("{2150E333-8FDC-42A3-9474-1A3956D46DE8}") = "UnitTest", "UnitTest", "{C0D2B10A-048F-46AA-8865-82F965E00E07}"
EndProject
Project("{FAE04EC0-301F-11D3-BF4B-00C04F79EFBC}") = "Frontend", "Frontend\Frontend.csproj", "{81B3EBED-7DF2-4DFF-9E2C-1CBC5CA9962E}"
EndProject
Project("{FAE04EC0-301F-11D3-BF4B-00C04F79EFBC}") = "Log", "Log\Log.csproj", "{32D41C2B-0E4B-4F70-9E0B-560091F76269}"
EndProject
Project("{FAE04EC0-301F-11D3-BF4B-00C04F79EFBC}") = "LogUnitTest", "LogUnitTest\LogUnitTest.csproj", "{441AC493-C2B6-461B-AB78-8B65A5125020}"
EndProject
Project("{FAE04EC0-301F-11D3-BF4B-00C04F79EFBC}") = "DBHelperTest", "DBHelperTest\DBHelperTest.csproj", "{5F670489-82D5-4A07-B5AA-544FD7A292E2}"
EndProject
Project("{FAE04EC0-301F-11D3-BF4B-00C04F79EFBC}") = "ExtHelperTest", "ExtHelperTest\ExtHelperTest.csproj", "{B7A6A640-5B2F-4E1F-A601-5767C4890713}"
EndProject
Project("{FAE04EC0-301F-11D3-BF4B-00C04F79EFBC}") = "SecurityHelper", "SecurityHelper\SecurityHelper.csproj", "{155E1784-E4A6-416D-86F6-CFCF61E2BB8E}"
EndProject
Project("{FAE04EC0-301F-11D3-BF4B-00C04F79EFBC}") = "TplHelper", "TplHelper\TplHelper.csproj", "{72510391-01B3-4699-A6C1-6EA1CB4DE966}"
EndProject
Project("{FAE04EC0-301F-11D3-BF4B-00C04F79EFBC}") = "TplHelperUnitTest", "TplHelperUnitTest\TplHelperUnitTest.csproj", "{DC4E6FC6-7BC5-489E-9E92-C18A7C03A17A}"
EndProject
Project("{FAE04EC0-301F-11D3-BF4B-00C04F79EFBC}") = "CommonHelperUnitTest", "CommonHelperUnitTest\CommonHelperUnitTest.csproj", "{F1A7CCA5-1DAE-4B9F-B5A1-5A1B7480E407}"
EndProject
Project("{FAE04EC0-301F-11D3-BF4B-00C04F79EFBC}") = "Win32Helper", "Win32Helper\Win32Helper.csproj", "{0F9FF0F0-7052-41E1-90E7-A03153B780C8}"
EndProject
Project("{FAE04EC0-301F-11D3-BF4B-00C04F79EFBC}") = "Win32HelperTest", "Win32HelperTest\Win32HelperTest.csproj", "{1CBD056D-A277-453B-9656-2F8CDEF6322F}"
EndProject
Project("{2150E333-8FDC-42A3-9474-1A3956D46DE8}") = "Lab", "Lab", "{C6F088BC-699C-411A-AF02-2AD5DA029679}"
EndProject
Project("{FAE04EC0-301F-11D3-BF4B-00C04F79EFBC}") = "JsonHelper", "JsonHelper\JsonHelper.csproj", "{DD112D42-DE99-48C3-9CDB-333359038AB4}"
EndProject
Project("{FAE04EC0-301F-11D3-BF4B-00C04F79EFBC}") = "WinFormHelper", "WinFormHelper\WinFormHelper.csproj", "{CCAA7772-7E08-442A-B9DF-360C2B9E26B4}"
EndProject
Project("{FAE04EC0-301F-11D3-BF4B-00C04F79EFBC}") = "Console", "Console\Console.csproj", "{7169C6D0-EC67-43E7-B270-E6D799B86F81}"
EndProject
Project("{2150E333-8FDC-42A3-9474-1A3956D46DE8}") = "网络编程（Socket）", "网络编程（Socket）", "{7326EC0F-5464-426E-B656-35AA45589D24}"
EndProject
Project("{FAE04EC0-301F-11D3-BF4B-00C04F79EFBC}") = "SocketServer", "SocketServer\SocketServer.csproj", "{E6426A30-D788-4281-BB71-17A310747BA1}"
EndProject
Project("{FAE04EC0-301F-11D3-BF4B-00C04F79EFBC}") = "SocketClient", "SocketClient\SocketClient.csproj", "{433E10B9-66B3-441A-A79E-F129F65060D7}"
EndProject
Project("{FAE04EC0-301F-11D3-BF4B-00C04F79EFBC}") = "IPCRemoting", "IPCRemoting\IPCRemoting.csproj", "{9E2F296F-72D7-47C0-88D5-120395D42B20}"
EndProject
Project("{FAE04EC0-301F-11D3-BF4B-00C04F79EFBC}") = "IPCRemotingClient", "IPCRemotingClient\IPCRemotingClient.csproj", "{DFD778F8-6415-4EA9-99C7-9B53F86B415E}"
EndProject
Project("{FAE04EC0-301F-11D3-BF4B-00C04F79EFBC}") = "Service", "Service\Service.csproj", "{4D77F968-6B79-414E-ACD3-5CEC7D3352AC}"
EndProject
Project("{FAE04EC0-301F-11D3-BF4B-00C04F79EFBC}") = "OfficeHellper", "OfficeHellper\OfficeHellper.csproj", "{C948BFC0-7FD0-4F9C-A406-426097DA83BB}"
EndProject
Project("{FAE04EC0-301F-11D3-BF4B-00C04F79EFBC}") = "ZipHelper", "ZipHelper\ZipHelper.csproj", "{FCD44EAA-F32E-4F97-850F-C4B7C5F3EF1B}"
EndProject
Project("{FAE04EC0-301F-11D3-BF4B-00C04F79EFBC}") = "DBAttr", "DBAttr\DBAttr.csproj", "{7461A222-CBFE-4ECE-975A-1C4C22E0407E}"
EndProject
Project("{FAE04EC0-301F-11D3-BF4B-00C04F79EFBC}") = "LogHelper", "LogHelper\LogHelper.csproj", "{C436ECF0-8DB8-4452-9A9D-042D03656D0D}"
EndProject
Project("{FAE04EC0-301F-11D3-BF4B-00C04F79EFBC}") = "CMDHelper", "CMDHelper\CMDHelper.csproj", "{A9AB7341-B1A9-4FA2-9686-C5C35D228AA3}"
EndProject
Project("{FAE04EC0-301F-11D3-BF4B-00C04F79EFBC}") = "StringHelper", "StringHelper\StringHelper.csproj", "{4F407461-8C47-43CD-87F2-D80078274C67}"
EndProject
Project("{FAE04EC0-301F-11D3-BF4B-00C04F79EFBC}") = "EncryptHelper", "EncryptHelper\EncryptHelper.csproj", "{085721F6-0C02-4259-85C0-719457A7FAC5}"
EndProject
Project("{FAE04EC0-301F-11D3-BF4B-00C04F79EFBC}") = "RemotingHelper", "RemotingHelper\RemotingHelper.csproj", "{3B2E45C3-3782-4A18-8890-EA5A25496248}"
EndProject
Project("{FAE04EC0-301F-11D3-BF4B-00C04F79EFBC}") = "AssemblyHelper", "AssemblyHelper\AssemblyHelper.csproj", "{F4FB1908-9A8D-430B-9209-90F2B92B65E2}"
EndProject
Project("{FAE04EC0-301F-11D3-BF4B-00C04F79EFBC}") = "FileHelper", "FileHelper\FileHelper.csproj", "{B8BB0D0E-C428-4ADC-BCAD-39A3178F8396}"
EndProject
Project("{FAE04EC0-301F-11D3-BF4B-00C04F79EFBC}") = "CollectionHelper", "CollectionHelper\CollectionHelper.csproj", "{CD6BAFA5-D874-4542-8B6B-F67B00F9619D}"
EndProject
Project("{FAE04EC0-301F-11D3-BF4B-00C04F79EFBC}") = "ConfigHelper", "ConfigHelper\ConfigHelper.csproj", "{67227604-94DF-48AB-B7FA-DC6BCFC691C0}"
EndProject
Project("{FAE04EC0-301F-11D3-BF4B-00C04F79EFBC}") = "WinFormController", "WinFormController\WinFormController.csproj", "{EE84CF62-8092-4B7C-ADFA-833893CD42FE}"
EndProject
Project("{FAE04EC0-301F-11D3-BF4B-00C04F79EFBC}") = "ConverterHelper", "ConverterHelper\ConverterHelper.csproj", "{C6007D27-75E7-4802-BB58-4D03D0DDD26B}"
EndProject
Project("{FAE04EC0-301F-11D3-BF4B-00C04F79EFBC}") = "ImgHelper", "ImgHelper\ImgHelper.csproj", "{CBC037F7-2684-4C15-9984-2B2371601800}"
EndProject
Project("{FAE04EC0-301F-11D3-BF4B-00C04F79EFBC}") = "FlowHelper", "FlowHelper\FlowHelper.csproj", "{17BD2D6B-F361-4C27-82BB-7EF58C945EFD}"
EndProject
Project("{FAE04EC0-301F-11D3-BF4B-00C04F79EFBC}") = "EnumHelper", "EnumHelper\EnumHelper.csproj", "{A80D3444-177F-4945-B50C-72515472B30F}"
EndProject
Project("{FAE04EC0-301F-11D3-BF4B-00C04F79EFBC}") = "ValidityHelper", "ValidityHelper\ValidityHelper.csproj", "{5837D2FD-B387-459A-85A5-DF3E342DCE86}"
EndProject
Project("{FAE04EC0-301F-11D3-BF4B-00C04F79EFBC}") = "ExtractHelper", "ExtractHelper\ExtractHelper.csproj", "{D2F6529F-85D3-4AB3-9773-D34F38762D81}"
EndProject
Project("{FAE04EC0-301F-11D3-BF4B-00C04F79EFBC}") = "Win", "Win\Win.csproj", "{AB72D4E7-C773-4309-B88E-96B0ED14E365}"
EndProject
Project("{FAE04EC0-301F-11D3-BF4B-00C04F79EFBC}") = "EmitHelper", "EmitHelper\EmitHelper.csproj", "{C0FD1B92-4F59-4315-9F58-DA4FCCDB4945}"
EndProject
Project("{FAE04EC0-301F-11D3-BF4B-00C04F79EFBC}") = "IISMgr", "IISMgr\IISMgr.csproj", "{D1907DA6-6DD9-498B-AE16-EE89755CA41E}"
EndProject
Global
	GlobalSection(SolutionConfigurationPlatforms) = preSolution
		Debug|Any CPU = Debug|Any CPU
		Release|Any CPU = Release|Any CPU
	EndGlobalSection
	GlobalSection(ProjectConfigurationPlatforms) = postSolution
		{B2A2AC75-69FC-464A-B1A9-C3482D55FA36}.Debug|Any CPU.ActiveCfg = Debug|Any CPU
		{B2A2AC75-69FC-464A-B1A9-C3482D55FA36}.Debug|Any CPU.Build.0 = Debug|Any CPU
		{B2A2AC75-69FC-464A-B1A9-C3482D55FA36}.Release|Any CPU.ActiveCfg = Release|Any CPU
		{B2A2AC75-69FC-464A-B1A9-C3482D55FA36}.Release|Any CPU.Build.0 = Release|Any CPU
		{FAF40724-2F68-4B8B-B717-8F16C00F2AB7}.Debug|Any CPU.ActiveCfg = Debug|Any CPU
		{FAF40724-2F68-4B8B-B717-8F16C00F2AB7}.Debug|Any CPU.Build.0 = Debug|Any CPU
		{FAF40724-2F68-4B8B-B717-8F16C00F2AB7}.Release|Any CPU.ActiveCfg = Release|Any CPU
		{FAF40724-2F68-4B8B-B717-8F16C00F2AB7}.Release|Any CPU.Build.0 = Release|Any CPU
		{812B9087-2DCA-426F-8237-BB55CA94359D}.Debug|Any CPU.ActiveCfg = Debug|Any CPU
		{812B9087-2DCA-426F-8237-BB55CA94359D}.Debug|Any CPU.Build.0 = Debug|Any CPU
		{812B9087-2DCA-426F-8237-BB55CA94359D}.Release|Any CPU.ActiveCfg = Release|Any CPU
		{812B9087-2DCA-426F-8237-BB55CA94359D}.Release|Any CPU.Build.0 = Release|Any CPU
		{81B3EBED-7DF2-4DFF-9E2C-1CBC5CA9962E}.Debug|Any CPU.ActiveCfg = Debug|Any CPU
		{81B3EBED-7DF2-4DFF-9E2C-1CBC5CA9962E}.Debug|Any CPU.Build.0 = Debug|Any CPU
		{81B3EBED-7DF2-4DFF-9E2C-1CBC5CA9962E}.Release|Any CPU.ActiveCfg = Release|Any CPU
		{81B3EBED-7DF2-4DFF-9E2C-1CBC5CA9962E}.Release|Any CPU.Build.0 = Release|Any CPU
		{32D41C2B-0E4B-4F70-9E0B-560091F76269}.Debug|Any CPU.ActiveCfg = Debug|Any CPU
		{32D41C2B-0E4B-4F70-9E0B-560091F76269}.Debug|Any CPU.Build.0 = Debug|Any CPU
		{32D41C2B-0E4B-4F70-9E0B-560091F76269}.Release|Any CPU.ActiveCfg = Release|Any CPU
		{32D41C2B-0E4B-4F70-9E0B-560091F76269}.Release|Any CPU.Build.0 = Release|Any CPU
		{441AC493-C2B6-461B-AB78-8B65A5125020}.Debug|Any CPU.ActiveCfg = Debug|Any CPU
		{441AC493-C2B6-461B-AB78-8B65A5125020}.Debug|Any CPU.Build.0 = Debug|Any CPU
		{441AC493-C2B6-461B-AB78-8B65A5125020}.Release|Any CPU.ActiveCfg = Release|Any CPU
		{441AC493-C2B6-461B-AB78-8B65A5125020}.Release|Any CPU.Build.0 = Release|Any CPU
		{5F670489-82D5-4A07-B5AA-544FD7A292E2}.Debug|Any CPU.ActiveCfg = Debug|Any CPU
		{5F670489-82D5-4A07-B5AA-544FD7A292E2}.Debug|Any CPU.Build.0 = Debug|Any CPU
		{5F670489-82D5-4A07-B5AA-544FD7A292E2}.Release|Any CPU.ActiveCfg = Release|Any CPU
		{5F670489-82D5-4A07-B5AA-544FD7A292E2}.Release|Any CPU.Build.0 = Release|Any CPU
		{B7A6A640-5B2F-4E1F-A601-5767C4890713}.Debug|Any CPU.ActiveCfg = Debug|Any CPU
		{B7A6A640-5B2F-4E1F-A601-5767C4890713}.Debug|Any CPU.Build.0 = Debug|Any CPU
		{B7A6A640-5B2F-4E1F-A601-5767C4890713}.Release|Any CPU.ActiveCfg = Release|Any CPU
		{B7A6A640-5B2F-4E1F-A601-5767C4890713}.Release|Any CPU.Build.0 = Release|Any CPU
		{155E1784-E4A6-416D-86F6-CFCF61E2BB8E}.Debug|Any CPU.ActiveCfg = Debug|Any CPU
		{155E1784-E4A6-416D-86F6-CFCF61E2BB8E}.Debug|Any CPU.Build.0 = Debug|Any CPU
		{155E1784-E4A6-416D-86F6-CFCF61E2BB8E}.Release|Any CPU.ActiveCfg = Release|Any CPU
		{155E1784-E4A6-416D-86F6-CFCF61E2BB8E}.Release|Any CPU.Build.0 = Release|Any CPU
		{72510391-01B3-4699-A6C1-6EA1CB4DE966}.Debug|Any CPU.ActiveCfg = Debug|Any CPU
		{72510391-01B3-4699-A6C1-6EA1CB4DE966}.Debug|Any CPU.Build.0 = Debug|Any CPU
		{72510391-01B3-4699-A6C1-6EA1CB4DE966}.Release|Any CPU.ActiveCfg = Release|Any CPU
		{72510391-01B3-4699-A6C1-6EA1CB4DE966}.Release|Any CPU.Build.0 = Release|Any CPU
		{DC4E6FC6-7BC5-489E-9E92-C18A7C03A17A}.Debug|Any CPU.ActiveCfg = Debug|Any CPU
		{DC4E6FC6-7BC5-489E-9E92-C18A7C03A17A}.Debug|Any CPU.Build.0 = Debug|Any CPU
		{DC4E6FC6-7BC5-489E-9E92-C18A7C03A17A}.Release|Any CPU.ActiveCfg = Release|Any CPU
		{DC4E6FC6-7BC5-489E-9E92-C18A7C03A17A}.Release|Any CPU.Build.0 = Release|Any CPU
		{F1A7CCA5-1DAE-4B9F-B5A1-5A1B7480E407}.Debug|Any CPU.ActiveCfg = Debug|Any CPU
		{F1A7CCA5-1DAE-4B9F-B5A1-5A1B7480E407}.Debug|Any CPU.Build.0 = Debug|Any CPU
		{F1A7CCA5-1DAE-4B9F-B5A1-5A1B7480E407}.Release|Any CPU.ActiveCfg = Release|Any CPU
		{F1A7CCA5-1DAE-4B9F-B5A1-5A1B7480E407}.Release|Any CPU.Build.0 = Release|Any CPU
		{0F9FF0F0-7052-41E1-90E7-A03153B780C8}.Debug|Any CPU.ActiveCfg = Debug|Any CPU
		{0F9FF0F0-7052-41E1-90E7-A03153B780C8}.Debug|Any CPU.Build.0 = Debug|Any CPU
		{0F9FF0F0-7052-41E1-90E7-A03153B780C8}.Release|Any CPU.ActiveCfg = Release|Any CPU
		{0F9FF0F0-7052-41E1-90E7-A03153B780C8}.Release|Any CPU.Build.0 = Release|Any CPU
		{1CBD056D-A277-453B-9656-2F8CDEF6322F}.Debug|Any CPU.ActiveCfg = Debug|Any CPU
		{1CBD056D-A277-453B-9656-2F8CDEF6322F}.Debug|Any CPU.Build.0 = Debug|Any CPU
		{1CBD056D-A277-453B-9656-2F8CDEF6322F}.Release|Any CPU.ActiveCfg = Release|Any CPU
		{1CBD056D-A277-453B-9656-2F8CDEF6322F}.Release|Any CPU.Build.0 = Release|Any CPU
		{DD112D42-DE99-48C3-9CDB-333359038AB4}.Debug|Any CPU.ActiveCfg = Debug|Any CPU
		{DD112D42-DE99-48C3-9CDB-333359038AB4}.Debug|Any CPU.Build.0 = Debug|Any CPU
		{DD112D42-DE99-48C3-9CDB-333359038AB4}.Release|Any CPU.ActiveCfg = Release|Any CPU
		{DD112D42-DE99-48C3-9CDB-333359038AB4}.Release|Any CPU.Build.0 = Release|Any CPU
		{CCAA7772-7E08-442A-B9DF-360C2B9E26B4}.Debug|Any CPU.ActiveCfg = Debug|Any CPU
		{CCAA7772-7E08-442A-B9DF-360C2B9E26B4}.Debug|Any CPU.Build.0 = Debug|Any CPU
		{CCAA7772-7E08-442A-B9DF-360C2B9E26B4}.Release|Any CPU.ActiveCfg = Release|Any CPU
		{CCAA7772-7E08-442A-B9DF-360C2B9E26B4}.Release|Any CPU.Build.0 = Release|Any CPU
		{7169C6D0-EC67-43E7-B270-E6D799B86F81}.Debug|Any CPU.ActiveCfg = Debug|Any CPU
		{7169C6D0-EC67-43E7-B270-E6D799B86F81}.Debug|Any CPU.Build.0 = Debug|Any CPU
		{7169C6D0-EC67-43E7-B270-E6D799B86F81}.Release|Any CPU.ActiveCfg = Release|Any CPU
		{7169C6D0-EC67-43E7-B270-E6D799B86F81}.Release|Any CPU.Build.0 = Release|Any CPU
		{E6426A30-D788-4281-BB71-17A310747BA1}.Debug|Any CPU.ActiveCfg = Debug|Any CPU
		{E6426A30-D788-4281-BB71-17A310747BA1}.Debug|Any CPU.Build.0 = Debug|Any CPU
		{E6426A30-D788-4281-BB71-17A310747BA1}.Release|Any CPU.ActiveCfg = Release|Any CPU
		{E6426A30-D788-4281-BB71-17A310747BA1}.Release|Any CPU.Build.0 = Release|Any CPU
		{433E10B9-66B3-441A-A79E-F129F65060D7}.Debug|Any CPU.ActiveCfg = Debug|Any CPU
		{433E10B9-66B3-441A-A79E-F129F65060D7}.Debug|Any CPU.Build.0 = Debug|Any CPU
		{433E10B9-66B3-441A-A79E-F129F65060D7}.Release|Any CPU.ActiveCfg = Release|Any CPU
		{433E10B9-66B3-441A-A79E-F129F65060D7}.Release|Any CPU.Build.0 = Release|Any CPU
		{9E2F296F-72D7-47C0-88D5-120395D42B20}.Debug|Any CPU.ActiveCfg = Debug|Any CPU
		{9E2F296F-72D7-47C0-88D5-120395D42B20}.Debug|Any CPU.Build.0 = Debug|Any CPU
		{9E2F296F-72D7-47C0-88D5-120395D42B20}.Release|Any CPU.ActiveCfg = Release|Any CPU
		{9E2F296F-72D7-47C0-88D5-120395D42B20}.Release|Any CPU.Build.0 = Release|Any CPU
		{DFD778F8-6415-4EA9-99C7-9B53F86B415E}.Debug|Any CPU.ActiveCfg = Debug|Any CPU
		{DFD778F8-6415-4EA9-99C7-9B53F86B415E}.Debug|Any CPU.Build.0 = Debug|Any CPU
		{DFD778F8-6415-4EA9-99C7-9B53F86B415E}.Release|Any CPU.ActiveCfg = Release|Any CPU
		{DFD778F8-6415-4EA9-99C7-9B53F86B415E}.Release|Any CPU.Build.0 = Release|Any CPU
		{4D77F968-6B79-414E-ACD3-5CEC7D3352AC}.Debug|Any CPU.ActiveCfg = Debug|Any CPU
		{4D77F968-6B79-414E-ACD3-5CEC7D3352AC}.Debug|Any CPU.Build.0 = Debug|Any CPU
		{4D77F968-6B79-414E-ACD3-5CEC7D3352AC}.Release|Any CPU.ActiveCfg = Release|Any CPU
		{4D77F968-6B79-414E-ACD3-5CEC7D3352AC}.Release|Any CPU.Build.0 = Release|Any CPU
		{C948BFC0-7FD0-4F9C-A406-426097DA83BB}.Debug|Any CPU.ActiveCfg = Debug|Any CPU
		{C948BFC0-7FD0-4F9C-A406-426097DA83BB}.Debug|Any CPU.Build.0 = Debug|Any CPU
		{C948BFC0-7FD0-4F9C-A406-426097DA83BB}.Release|Any CPU.ActiveCfg = Release|Any CPU
		{C948BFC0-7FD0-4F9C-A406-426097DA83BB}.Release|Any CPU.Build.0 = Release|Any CPU
		{FCD44EAA-F32E-4F97-850F-C4B7C5F3EF1B}.Debug|Any CPU.ActiveCfg = Debug|Any CPU
		{FCD44EAA-F32E-4F97-850F-C4B7C5F3EF1B}.Debug|Any CPU.Build.0 = Debug|Any CPU
		{FCD44EAA-F32E-4F97-850F-C4B7C5F3EF1B}.Release|Any CPU.ActiveCfg = Release|Any CPU
		{FCD44EAA-F32E-4F97-850F-C4B7C5F3EF1B}.Release|Any CPU.Build.0 = Release|Any CPU
		{7461A222-CBFE-4ECE-975A-1C4C22E0407E}.Debug|Any CPU.ActiveCfg = Debug|Any CPU
		{7461A222-CBFE-4ECE-975A-1C4C22E0407E}.Debug|Any CPU.Build.0 = Debug|Any CPU
		{7461A222-CBFE-4ECE-975A-1C4C22E0407E}.Release|Any CPU.ActiveCfg = Release|Any CPU
		{7461A222-CBFE-4ECE-975A-1C4C22E0407E}.Release|Any CPU.Build.0 = Release|Any CPU
		{C436ECF0-8DB8-4452-9A9D-042D03656D0D}.Debug|Any CPU.ActiveCfg = Debug|Any CPU
		{C436ECF0-8DB8-4452-9A9D-042D03656D0D}.Debug|Any CPU.Build.0 = Debug|Any CPU
		{C436ECF0-8DB8-4452-9A9D-042D03656D0D}.Release|Any CPU.ActiveCfg = Release|Any CPU
		{C436ECF0-8DB8-4452-9A9D-042D03656D0D}.Release|Any CPU.Build.0 = Release|Any CPU
		{A9AB7341-B1A9-4FA2-9686-C5C35D228AA3}.Debug|Any CPU.ActiveCfg = Debug|Any CPU
		{A9AB7341-B1A9-4FA2-9686-C5C35D228AA3}.Debug|Any CPU.Build.0 = Debug|Any CPU
		{A9AB7341-B1A9-4FA2-9686-C5C35D228AA3}.Release|Any CPU.ActiveCfg = Release|Any CPU
		{A9AB7341-B1A9-4FA2-9686-C5C35D228AA3}.Release|Any CPU.Build.0 = Release|Any CPU
		{4F407461-8C47-43CD-87F2-D80078274C67}.Debug|Any CPU.ActiveCfg = Debug|Any CPU
		{4F407461-8C47-43CD-87F2-D80078274C67}.Debug|Any CPU.Build.0 = Debug|Any CPU
		{4F407461-8C47-43CD-87F2-D80078274C67}.Release|Any CPU.ActiveCfg = Release|Any CPU
		{4F407461-8C47-43CD-87F2-D80078274C67}.Release|Any CPU.Build.0 = Release|Any CPU
		{085721F6-0C02-4259-85C0-719457A7FAC5}.Debug|Any CPU.ActiveCfg = Debug|Any CPU
		{085721F6-0C02-4259-85C0-719457A7FAC5}.Debug|Any CPU.Build.0 = Debug|Any CPU
		{085721F6-0C02-4259-85C0-719457A7FAC5}.Release|Any CPU.ActiveCfg = Release|Any CPU
		{085721F6-0C02-4259-85C0-719457A7FAC5}.Release|Any CPU.Build.0 = Release|Any CPU
		{3B2E45C3-3782-4A18-8890-EA5A25496248}.Debug|Any CPU.ActiveCfg = Debug|Any CPU
		{3B2E45C3-3782-4A18-8890-EA5A25496248}.Debug|Any CPU.Build.0 = Debug|Any CPU
		{3B2E45C3-3782-4A18-8890-EA5A25496248}.Release|Any CPU.ActiveCfg = Release|Any CPU
		{3B2E45C3-3782-4A18-8890-EA5A25496248}.Release|Any CPU.Build.0 = Release|Any CPU
		{F4FB1908-9A8D-430B-9209-90F2B92B65E2}.Debug|Any CPU.ActiveCfg = Debug|Any CPU
		{F4FB1908-9A8D-430B-9209-90F2B92B65E2}.Debug|Any CPU.Build.0 = Debug|Any CPU
		{F4FB1908-9A8D-430B-9209-90F2B92B65E2}.Release|Any CPU.ActiveCfg = Release|Any CPU
		{F4FB1908-9A8D-430B-9209-90F2B92B65E2}.Release|Any CPU.Build.0 = Release|Any CPU
		{B8BB0D0E-C428-4ADC-BCAD-39A3178F8396}.Debug|Any CPU.ActiveCfg = Debug|Any CPU
		{B8BB0D0E-C428-4ADC-BCAD-39A3178F8396}.Debug|Any CPU.Build.0 = Debug|Any CPU
		{B8BB0D0E-C428-4ADC-BCAD-39A3178F8396}.Release|Any CPU.ActiveCfg = Release|Any CPU
		{B8BB0D0E-C428-4ADC-BCAD-39A3178F8396}.Release|Any CPU.Build.0 = Release|Any CPU
		{CD6BAFA5-D874-4542-8B6B-F67B00F9619D}.Debug|Any CPU.ActiveCfg = Debug|Any CPU
		{CD6BAFA5-D874-4542-8B6B-F67B00F9619D}.Debug|Any CPU.Build.0 = Debug|Any CPU
		{CD6BAFA5-D874-4542-8B6B-F67B00F9619D}.Release|Any CPU.ActiveCfg = Release|Any CPU
		{CD6BAFA5-D874-4542-8B6B-F67B00F9619D}.Release|Any CPU.Build.0 = Release|Any CPU
		{67227604-94DF-48AB-B7FA-DC6BCFC691C0}.Debug|Any CPU.ActiveCfg = Debug|Any CPU
		{67227604-94DF-48AB-B7FA-DC6BCFC691C0}.Debug|Any CPU.Build.0 = Debug|Any CPU
		{67227604-94DF-48AB-B7FA-DC6BCFC691C0}.Release|Any CPU.ActiveCfg = Release|Any CPU
		{67227604-94DF-48AB-B7FA-DC6BCFC691C0}.Release|Any CPU.Build.0 = Release|Any CPU
		{EE84CF62-8092-4B7C-ADFA-833893CD42FE}.Debug|Any CPU.ActiveCfg = Debug|Any CPU
		{EE84CF62-8092-4B7C-ADFA-833893CD42FE}.Debug|Any CPU.Build.0 = Debug|Any CPU
		{EE84CF62-8092-4B7C-ADFA-833893CD42FE}.Release|Any CPU.ActiveCfg = Release|Any CPU
		{EE84CF62-8092-4B7C-ADFA-833893CD42FE}.Release|Any CPU.Build.0 = Release|Any CPU
		{C6007D27-75E7-4802-BB58-4D03D0DDD26B}.Debug|Any CPU.ActiveCfg = Debug|Any CPU
		{C6007D27-75E7-4802-BB58-4D03D0DDD26B}.Debug|Any CPU.Build.0 = Debug|Any CPU
		{C6007D27-75E7-4802-BB58-4D03D0DDD26B}.Release|Any CPU.ActiveCfg = Release|Any CPU
		{C6007D27-75E7-4802-BB58-4D03D0DDD26B}.Release|Any CPU.Build.0 = Release|Any CPU
		{CBC037F7-2684-4C15-9984-2B2371601800}.Debug|Any CPU.ActiveCfg = Debug|Any CPU
		{CBC037F7-2684-4C15-9984-2B2371601800}.Debug|Any CPU.Build.0 = Debug|Any CPU
		{CBC037F7-2684-4C15-9984-2B2371601800}.Release|Any CPU.ActiveCfg = Release|Any CPU
		{CBC037F7-2684-4C15-9984-2B2371601800}.Release|Any CPU.Build.0 = Release|Any CPU
		{17BD2D6B-F361-4C27-82BB-7EF58C945EFD}.Debug|Any CPU.ActiveCfg = Debug|Any CPU
		{17BD2D6B-F361-4C27-82BB-7EF58C945EFD}.Debug|Any CPU.Build.0 = Debug|Any CPU
		{17BD2D6B-F361-4C27-82BB-7EF58C945EFD}.Release|Any CPU.ActiveCfg = Release|Any CPU
		{17BD2D6B-F361-4C27-82BB-7EF58C945EFD}.Release|Any CPU.Build.0 = Release|Any CPU
		{A80D3444-177F-4945-B50C-72515472B30F}.Debug|Any CPU.ActiveCfg = Debug|Any CPU
		{A80D3444-177F-4945-B50C-72515472B30F}.Debug|Any CPU.Build.0 = Debug|Any CPU
		{A80D3444-177F-4945-B50C-72515472B30F}.Release|Any CPU.ActiveCfg = Release|Any CPU
		{A80D3444-177F-4945-B50C-72515472B30F}.Release|Any CPU.Build.0 = Release|Any CPU
		{5837D2FD-B387-459A-85A5-DF3E342DCE86}.Debug|Any CPU.ActiveCfg = Debug|Any CPU
		{5837D2FD-B387-459A-85A5-DF3E342DCE86}.Debug|Any CPU.Build.0 = Debug|Any CPU
		{5837D2FD-B387-459A-85A5-DF3E342DCE86}.Release|Any CPU.ActiveCfg = Release|Any CPU
		{5837D2FD-B387-459A-85A5-DF3E342DCE86}.Release|Any CPU.Build.0 = Release|Any CPU
		{D2F6529F-85D3-4AB3-9773-D34F38762D81}.Debug|Any CPU.ActiveCfg = Debug|Any CPU
		{D2F6529F-85D3-4AB3-9773-D34F38762D81}.Debug|Any CPU.Build.0 = Debug|Any CPU
		{D2F6529F-85D3-4AB3-9773-D34F38762D81}.Release|Any CPU.ActiveCfg = Release|Any CPU
		{D2F6529F-85D3-4AB3-9773-D34F38762D81}.Release|Any CPU.Build.0 = Release|Any CPU
		{AB72D4E7-C773-4309-B88E-96B0ED14E365}.Debug|Any CPU.ActiveCfg = Debug|Any CPU
		{AB72D4E7-C773-4309-B88E-96B0ED14E365}.Debug|Any CPU.Build.0 = Debug|Any CPU
		{AB72D4E7-C773-4309-B88E-96B0ED14E365}.Release|Any CPU.ActiveCfg = Release|Any CPU
		{AB72D4E7-C773-4309-B88E-96B0ED14E365}.Release|Any CPU.Build.0 = Release|Any CPU
		{C0FD1B92-4F59-4315-9F58-DA4FCCDB4945}.Debug|Any CPU.ActiveCfg = Debug|Any CPU
		{C0FD1B92-4F59-4315-9F58-DA4FCCDB4945}.Debug|Any CPU.Build.0 = Debug|Any CPU
		{C0FD1B92-4F59-4315-9F58-DA4FCCDB4945}.Release|Any CPU.ActiveCfg = Release|Any CPU
		{C0FD1B92-4F59-4315-9F58-DA4FCCDB4945}.Release|Any CPU.Build.0 = Release|Any CPU
		{D1907DA6-6DD9-498B-AE16-EE89755CA41E}.Debug|Any CPU.ActiveCfg = Debug|Any CPU
		{D1907DA6-6DD9-498B-AE16-EE89755CA41E}.Debug|Any CPU.Build.0 = Debug|Any CPU
		{D1907DA6-6DD9-498B-AE16-EE89755CA41E}.Release|Any CPU.ActiveCfg = Release|Any CPU
		{D1907DA6-6DD9-498B-AE16-EE89755CA41E}.Release|Any CPU.Build.0 = Release|Any CPU
	EndGlobalSection
	GlobalSection(SolutionProperties) = preSolution
		HideSolutionNode = FALSE
	EndGlobalSection
	GlobalSection(NestedProjects) = preSolution
		{FAF40724-2F68-4B8B-B717-8F16C00F2AB7} = {545A00A9-0B61-4B62-94DC-DAEBB6A837F2}
		{812B9087-2DCA-426F-8237-BB55CA94359D} = {545A00A9-0B61-4B62-94DC-DAEBB6A837F2}
		{B2A2AC75-69FC-464A-B1A9-C3482D55FA36} = {545A00A9-0B61-4B62-94DC-DAEBB6A837F2}
		{155E1784-E4A6-416D-86F6-CFCF61E2BB8E} = {545A00A9-0B61-4B62-94DC-DAEBB6A837F2}
		{72510391-01B3-4699-A6C1-6EA1CB4DE966} = {545A00A9-0B61-4B62-94DC-DAEBB6A837F2}
		{0F9FF0F0-7052-41E1-90E7-A03153B780C8} = {545A00A9-0B61-4B62-94DC-DAEBB6A837F2}
		{DD112D42-DE99-48C3-9CDB-333359038AB4} = {545A00A9-0B61-4B62-94DC-DAEBB6A837F2}
		{CCAA7772-7E08-442A-B9DF-360C2B9E26B4} = {545A00A9-0B61-4B62-94DC-DAEBB6A837F2}
		{C948BFC0-7FD0-4F9C-A406-426097DA83BB} = {545A00A9-0B61-4B62-94DC-DAEBB6A837F2}
		{FCD44EAA-F32E-4F97-850F-C4B7C5F3EF1B} = {545A00A9-0B61-4B62-94DC-DAEBB6A837F2}
		{7461A222-CBFE-4ECE-975A-1C4C22E0407E} = {545A00A9-0B61-4B62-94DC-DAEBB6A837F2}
		{C436ECF0-8DB8-4452-9A9D-042D03656D0D} = {545A00A9-0B61-4B62-94DC-DAEBB6A837F2}
		{A9AB7341-B1A9-4FA2-9686-C5C35D228AA3} = {545A00A9-0B61-4B62-94DC-DAEBB6A837F2}
		{4F407461-8C47-43CD-87F2-D80078274C67} = {545A00A9-0B61-4B62-94DC-DAEBB6A837F2}
		{085721F6-0C02-4259-85C0-719457A7FAC5} = {545A00A9-0B61-4B62-94DC-DAEBB6A837F2}
		{3B2E45C3-3782-4A18-8890-EA5A25496248} = {545A00A9-0B61-4B62-94DC-DAEBB6A837F2}
		{F4FB1908-9A8D-430B-9209-90F2B92B65E2} = {545A00A9-0B61-4B62-94DC-DAEBB6A837F2}
		{B8BB0D0E-C428-4ADC-BCAD-39A3178F8396} = {545A00A9-0B61-4B62-94DC-DAEBB6A837F2}
		{CD6BAFA5-D874-4542-8B6B-F67B00F9619D} = {545A00A9-0B61-4B62-94DC-DAEBB6A837F2}
		{67227604-94DF-48AB-B7FA-DC6BCFC691C0} = {545A00A9-0B61-4B62-94DC-DAEBB6A837F2}
		{EE84CF62-8092-4B7C-ADFA-833893CD42FE} = {545A00A9-0B61-4B62-94DC-DAEBB6A837F2}
		{C6007D27-75E7-4802-BB58-4D03D0DDD26B} = {545A00A9-0B61-4B62-94DC-DAEBB6A837F2}
		{CBC037F7-2684-4C15-9984-2B2371601800} = {545A00A9-0B61-4B62-94DC-DAEBB6A837F2}
		{17BD2D6B-F361-4C27-82BB-7EF58C945EFD} = {545A00A9-0B61-4B62-94DC-DAEBB6A837F2}
		{A80D3444-177F-4945-B50C-72515472B30F} = {545A00A9-0B61-4B62-94DC-DAEBB6A837F2}
		{5837D2FD-B387-459A-85A5-DF3E342DCE86} = {545A00A9-0B61-4B62-94DC-DAEBB6A837F2}
		{D2F6529F-85D3-4AB3-9773-D34F38762D81} = {545A00A9-0B61-4B62-94DC-DAEBB6A837F2}
		{C0FD1B92-4F59-4315-9F58-DA4FCCDB4945} = {545A00A9-0B61-4B62-94DC-DAEBB6A837F2}
		{D1907DA6-6DD9-498B-AE16-EE89755CA41E} = {545A00A9-0B61-4B62-94DC-DAEBB6A837F2}
		{32D41C2B-0E4B-4F70-9E0B-560091F76269} = {67AB8EDB-B1D4-45F2-B70C-8B442A11CE0B}
		{441AC493-C2B6-461B-AB78-8B65A5125020} = {C0D2B10A-048F-46AA-8865-82F965E00E07}
		{5F670489-82D5-4A07-B5AA-544FD7A292E2} = {C0D2B10A-048F-46AA-8865-82F965E00E07}
		{B7A6A640-5B2F-4E1F-A601-5767C4890713} = {C0D2B10A-048F-46AA-8865-82F965E00E07}
		{DC4E6FC6-7BC5-489E-9E92-C18A7C03A17A} = {C0D2B10A-048F-46AA-8865-82F965E00E07}
		{F1A7CCA5-1DAE-4B9F-B5A1-5A1B7480E407} = {C0D2B10A-048F-46AA-8865-82F965E00E07}
		{1CBD056D-A277-453B-9656-2F8CDEF6322F} = {C0D2B10A-048F-46AA-8865-82F965E00E07}
		{7169C6D0-EC67-43E7-B270-E6D799B86F81} = {C6F088BC-699C-411A-AF02-2AD5DA029679}
		{7326EC0F-5464-426E-B656-35AA45589D24} = {C6F088BC-699C-411A-AF02-2AD5DA029679}
		{AB72D4E7-C773-4309-B88E-96B0ED14E365} = {C6F088BC-699C-411A-AF02-2AD5DA029679}
		{E6426A30-D788-4281-BB71-17A310747BA1} = {7326EC0F-5464-426E-B656-35AA45589D24}
		{433E10B9-66B3-441A-A79E-F129F65060D7} = {7326EC0F-5464-426E-B656-35AA45589D24}
		{9E2F296F-72D7-47C0-88D5-120395D42B20} = {7326EC0F-5464-426E-B656-35AA45589D24}
		{DFD778F8-6415-4EA9-99C7-9B53F86B415E} = {7326EC0F-5464-426E-B656-35AA45589D24}
		{4D77F968-6B79-414E-ACD3-5CEC7D3352AC} = {7326EC0F-5464-426E-B656-35AA45589D24}
	EndGlobalSection
EndGlobal
